// !$*UTF8*$!
{
	archiveVersion = 1;
	classes = {
	};
	objectVersion = 51;
	objects = {

/* Begin PBXBuildFile section */
		25261A9222ADABB900CCD0E5 /* ContactTableViewCell.swift in Sources */ = {isa = PBXBuildFile; fileRef = 25261A9022ADABB900CCD0E5 /* ContactTableViewCell.swift */; };
		25261A9322ADABB900CCD0E5 /* ContactTableViewCell.xib in Resources */ = {isa = PBXBuildFile; fileRef = 25261A9122ADABB900CCD0E5 /* ContactTableViewCell.xib */; };
		25261A9B22ADC0C200CCD0E5 /* Contact.swift in Sources */ = {isa = PBXBuildFile; fileRef = 25261A9A22ADC0C200CCD0E5 /* Contact.swift */; };
		258E2A0522B00E340016C021 /* ContactAPI.swift in Sources */ = {isa = PBXBuildFile; fileRef = 258E2A0422B00E340016C021 /* ContactAPI.swift */; };
		258E2A0C22B03FFC0016C021 /* Exemplo3.swift in Sources */ = {isa = PBXBuildFile; fileRef = 258E2A0B22B03FFC0016C021 /* Exemplo3.swift */; };
		500078CA22A812D200C525DF /* AccessibilityViewController.swift in Sources */ = {isa = PBXBuildFile; fileRef = 500078C922A812D200C525DF /* AccessibilityViewController.swift */; };
		5006EDC122B17C9C004813E1 /* Main.strings in Resources */ = {isa = PBXBuildFile; fileRef = 5006EDC022B17C9C004813E1 /* Main.strings */; };
		5006EDC322B18820004813E1 /* Montserrat-Bold.otf in Resources */ = {isa = PBXBuildFile; fileRef = 5006EDC222B18811004813E1 /* Montserrat-Bold.otf */; };
		504F0C6022AAD990002BC949 /* PoorAccessibilityViewController.swift in Sources */ = {isa = PBXBuildFile; fileRef = 504F0C5F22AAD990002BC949 /* PoorAccessibilityViewController.swift */; };
		507E1A1122A985B3007E3F2D /* TrainingExercises.storyboard in Resources */ = {isa = PBXBuildFile; fileRef = 507E1A1022A985B3007E3F2D /* TrainingExercises.storyboard */; };
		507E1A1422A989D0007E3F2D /* HomeViewController.swift in Sources */ = {isa = PBXBuildFile; fileRef = 507E1A1322A989D0007E3F2D /* HomeViewController.swift */; };
		50959C4022A15E9E009B4FA0 /* LoginKeychainViewController.swift in Sources */ = {isa = PBXBuildFile; fileRef = 50959C3F22A15E9E009B4FA0 /* LoginKeychainViewController.swift */; };
		50EA454122AA77F6004EE63D /* CreateAccountViewController.swift in Sources */ = {isa = PBXBuildFile; fileRef = 50EA454022AA77F6004EE63D /* CreateAccountViewController.swift */; };
		50EA454F22AB0112004EE63D /* LoginViewController.swift in Sources */ = {isa = PBXBuildFile; fileRef = 50EA454E22AB0112004EE63D /* LoginViewController.swift */; };
		50EFF9872292EEA200A650FE /* RxOperatorsExerciseViewController.swift in Sources */ = {isa = PBXBuildFile; fileRef = 50EFF9862292EEA200A650FE /* RxOperatorsExerciseViewController.swift */; };
		50FF62B022B28B2600CB2645 /* MenuViewController.swift in Sources */ = {isa = PBXBuildFile; fileRef = 50FF62AF22B28B2600CB2645 /* MenuViewController.swift */; };
		50FF62B222B28BBC00CB2645 /* ContactListViewController.swift in Sources */ = {isa = PBXBuildFile; fileRef = 50FF62B122B28BBC00CB2645 /* ContactListViewController.swift */; };
		50FF62C022B299DC00CB2645 /* ContactDetailsViewController.swift in Sources */ = {isa = PBXBuildFile; fileRef = 50FF62BF22B299DC00CB2645 /* ContactDetailsViewController.swift */; };
		5A62D3378A61325C9686BBE3 /* Pods_capios.framework in Frameworks */ = {isa = PBXBuildFile; fileRef = CB1074D3C2638B4A790115BC /* Pods_capios.framework */; };
		B91ABFD822AEB83A00487E4B /* RxSwiftStoryboard.storyboard in Resources */ = {isa = PBXBuildFile; fileRef = B91ABFD722AEB83A00487E4B /* RxSwiftStoryboard.storyboard */; };
		B925BAC222AECCA7007DF84D /* Exemplo1.swift in Sources */ = {isa = PBXBuildFile; fileRef = B925BAC122AECCA7007DF84D /* Exemplo1.swift */; };
		B925BAC422AEE130007DF84D /* Exemplo2.swift in Sources */ = {isa = PBXBuildFile; fileRef = B925BAC322AEE130007DF84D /* Exemplo2.swift */; };
		B9448FAD2283463B00E342DE /* AppDelegate.swift in Sources */ = {isa = PBXBuildFile; fileRef = B9448FAC2283463B00E342DE /* AppDelegate.swift */; };
		B9448FAF2283463B00E342DE /* ViewController.swift in Sources */ = {isa = PBXBuildFile; fileRef = B9448FAE2283463B00E342DE /* ViewController.swift */; };
		B9448FB22283463B00E342DE /* Main.storyboard in Resources */ = {isa = PBXBuildFile; fileRef = B9448FB02283463B00E342DE /* Main.storyboard */; };
		B9448FB42283463D00E342DE /* Assets.xcassets in Resources */ = {isa = PBXBuildFile; fileRef = B9448FB32283463D00E342DE /* Assets.xcassets */; };
		B9448FB72283463D00E342DE /* LaunchScreen.storyboard in Resources */ = {isa = PBXBuildFile; fileRef = B9448FB52283463D00E342DE /* LaunchScreen.storyboard */; };
		B9F4BA9822B814CD00AD3583 /* UserAccountOnKeychain.swift in Sources */ = {isa = PBXBuildFile; fileRef = B9F4BA9722B814CD00AD3583 /* UserAccountOnKeychain.swift */; };
		B9F4BA9A22B8158D00AD3583 /* UserAccountProtocol.swift in Sources */ = {isa = PBXBuildFile; fileRef = B9F4BA9922B8158D00AD3583 /* UserAccountProtocol.swift */; };
		B9F4BA9D22B81F6C00AD3583 /* SecureKeyValueStorage.swift in Sources */ = {isa = PBXBuildFile; fileRef = B9F4BA9C22B81F6C00AD3583 /* SecureKeyValueStorage.swift */; };
		B9F4BAA022B8244E00AD3583 /* CreateAccountViewModel.swift in Sources */ = {isa = PBXBuildFile; fileRef = B9F4BA9F22B8244E00AD3583 /* CreateAccountViewModel.swift */; };
		B9F4BAA222B8245B00AD3583 /* LoginViewModel.swift in Sources */ = {isa = PBXBuildFile; fileRef = B9F4BAA122B8245B00AD3583 /* LoginViewModel.swift */; };
		B9F4BAA422B836FF00AD3583 /* MVVMHomeViewController.swift in Sources */ = {isa = PBXBuildFile; fileRef = B9F4BAA322B836FF00AD3583 /* MVVMHomeViewController.swift */; };
		B9F4BAA622B8371000AD3583 /* MVVMCreateAccountViewController.swift in Sources */ = {isa = PBXBuildFile; fileRef = B9F4BAA522B8371000AD3583 /* MVVMCreateAccountViewController.swift */; };
		B9F4BAA822B8372300AD3583 /* MVVMLoginViewController.swift in Sources */ = {isa = PBXBuildFile; fileRef = B9F4BAA722B8372300AD3583 /* MVVMLoginViewController.swift */; };
		B9F4BAAA22B8373B00AD3583 /* MVVMStoryboard.storyboard in Resources */ = {isa = PBXBuildFile; fileRef = B9F4BAA922B8373B00AD3583 /* MVVMStoryboard.storyboard */; };
		B9F72F5A22834FED000BA70B /* R.generated.swift in Sources */ = {isa = PBXBuildFile; fileRef = B9F72F5922834FED000BA70B /* R.generated.swift */; };
/* End PBXBuildFile section */

/* Begin PBXFileReference section */
		25261A9022ADABB900CCD0E5 /* ContactTableViewCell.swift */ = {isa = PBXFileReference; lastKnownFileType = sourcecode.swift; path = ContactTableViewCell.swift; sourceTree = "<group>"; };
		25261A9122ADABB900CCD0E5 /* ContactTableViewCell.xib */ = {isa = PBXFileReference; lastKnownFileType = file.xib; path = ContactTableViewCell.xib; sourceTree = "<group>"; };
		25261A9A22ADC0C200CCD0E5 /* Contact.swift */ = {isa = PBXFileReference; lastKnownFileType = sourcecode.swift; path = Contact.swift; sourceTree = "<group>"; };
		258E2A0422B00E340016C021 /* ContactAPI.swift */ = {isa = PBXFileReference; lastKnownFileType = sourcecode.swift; path = ContactAPI.swift; sourceTree = "<group>"; };
		258E2A0B22B03FFC0016C021 /* Exemplo3.swift */ = {isa = PBXFileReference; lastKnownFileType = sourcecode.swift; path = Exemplo3.swift; sourceTree = "<group>"; };
		2CA114C402AA4B580CB5FBBE /* Pods-capios.debug.xcconfig */ = {isa = PBXFileReference; includeInIndex = 1; lastKnownFileType = text.xcconfig; name = "Pods-capios.debug.xcconfig"; path = "Pods/Target Support Files/Pods-capios/Pods-capios.debug.xcconfig"; sourceTree = "<group>"; };
		500078C922A812D200C525DF /* AccessibilityViewController.swift */ = {isa = PBXFileReference; lastKnownFileType = sourcecode.swift; path = AccessibilityViewController.swift; sourceTree = "<group>"; };
		5006EDC022B17C9C004813E1 /* Main.strings */ = {isa = PBXFileReference; lastKnownFileType = text.plist.strings; path = Main.strings; sourceTree = "<group>"; };
		5006EDC222B18811004813E1 /* Montserrat-Bold.otf */ = {isa = PBXFileReference; lastKnownFileType = file; path = "Montserrat-Bold.otf"; sourceTree = "<group>"; };
		504F0C5F22AAD990002BC949 /* PoorAccessibilityViewController.swift */ = {isa = PBXFileReference; lastKnownFileType = sourcecode.swift; path = PoorAccessibilityViewController.swift; sourceTree = "<group>"; };
		507E1A1022A985B3007E3F2D /* TrainingExercises.storyboard */ = {isa = PBXFileReference; lastKnownFileType = file.storyboard; path = TrainingExercises.storyboard; sourceTree = "<group>"; };
		507E1A1322A989D0007E3F2D /* HomeViewController.swift */ = {isa = PBXFileReference; lastKnownFileType = sourcecode.swift; path = HomeViewController.swift; sourceTree = "<group>"; };
		50959C3F22A15E9E009B4FA0 /* LoginKeychainViewController.swift */ = {isa = PBXFileReference; lastKnownFileType = sourcecode.swift; path = LoginKeychainViewController.swift; sourceTree = "<group>"; };
		50EA454022AA77F6004EE63D /* CreateAccountViewController.swift */ = {isa = PBXFileReference; lastKnownFileType = sourcecode.swift; path = CreateAccountViewController.swift; sourceTree = "<group>"; };
		50EA454E22AB0112004EE63D /* LoginViewController.swift */ = {isa = PBXFileReference; lastKnownFileType = sourcecode.swift; path = LoginViewController.swift; sourceTree = "<group>"; };
		50EFF9862292EEA200A650FE /* RxOperatorsExerciseViewController.swift */ = {isa = PBXFileReference; lastKnownFileType = sourcecode.swift; path = RxOperatorsExerciseViewController.swift; sourceTree = "<group>"; };
		50FF62AF22B28B2600CB2645 /* MenuViewController.swift */ = {isa = PBXFileReference; lastKnownFileType = sourcecode.swift; path = MenuViewController.swift; sourceTree = "<group>"; };
		50FF62B122B28BBC00CB2645 /* ContactListViewController.swift */ = {isa = PBXFileReference; lastKnownFileType = sourcecode.swift; path = ContactListViewController.swift; sourceTree = "<group>"; };
		50FF62BF22B299DC00CB2645 /* ContactDetailsViewController.swift */ = {isa = PBXFileReference; lastKnownFileType = sourcecode.swift; path = ContactDetailsViewController.swift; sourceTree = "<group>"; };
		7762F8C5FEA43D9C324168C3 /* Pods-capios.release.xcconfig */ = {isa = PBXFileReference; includeInIndex = 1; lastKnownFileType = text.xcconfig; name = "Pods-capios.release.xcconfig"; path = "Pods/Target Support Files/Pods-capios/Pods-capios.release.xcconfig"; sourceTree = "<group>"; };
		B91ABFD722AEB83A00487E4B /* RxSwiftStoryboard.storyboard */ = {isa = PBXFileReference; lastKnownFileType = file.storyboard; path = RxSwiftStoryboard.storyboard; sourceTree = "<group>"; };
		B925BAC122AECCA7007DF84D /* Exemplo1.swift */ = {isa = PBXFileReference; lastKnownFileType = sourcecode.swift; path = Exemplo1.swift; sourceTree = "<group>"; };
		B925BAC322AEE130007DF84D /* Exemplo2.swift */ = {isa = PBXFileReference; lastKnownFileType = sourcecode.swift; path = Exemplo2.swift; sourceTree = "<group>"; };
		B9448FA92283463B00E342DE /* capios.app */ = {isa = PBXFileReference; explicitFileType = wrapper.application; includeInIndex = 0; path = capios.app; sourceTree = BUILT_PRODUCTS_DIR; };
		B9448FAC2283463B00E342DE /* AppDelegate.swift */ = {isa = PBXFileReference; lastKnownFileType = sourcecode.swift; path = AppDelegate.swift; sourceTree = "<group>"; };
		B9448FAE2283463B00E342DE /* ViewController.swift */ = {isa = PBXFileReference; lastKnownFileType = sourcecode.swift; path = ViewController.swift; sourceTree = "<group>"; };
		B9448FB12283463B00E342DE /* Base */ = {isa = PBXFileReference; lastKnownFileType = file.storyboard; name = Base; path = Base.lproj/Main.storyboard; sourceTree = "<group>"; };
		B9448FB32283463D00E342DE /* Assets.xcassets */ = {isa = PBXFileReference; lastKnownFileType = folder.assetcatalog; path = Assets.xcassets; sourceTree = "<group>"; };
		B9448FB62283463D00E342DE /* Base */ = {isa = PBXFileReference; lastKnownFileType = file.storyboard; name = Base; path = Base.lproj/LaunchScreen.storyboard; sourceTree = "<group>"; };
		B9448FB82283463D00E342DE /* Info.plist */ = {isa = PBXFileReference; lastKnownFileType = text.plist.xml; path = Info.plist; sourceTree = "<group>"; };
		B9F4BA9722B814CD00AD3583 /* UserAccountOnKeychain.swift */ = {isa = PBXFileReference; lastKnownFileType = sourcecode.swift; path = UserAccountOnKeychain.swift; sourceTree = "<group>"; };
		B9F4BA9922B8158D00AD3583 /* UserAccountProtocol.swift */ = {isa = PBXFileReference; lastKnownFileType = sourcecode.swift; path = UserAccountProtocol.swift; sourceTree = "<group>"; };
		B9F4BA9C22B81F6C00AD3583 /* SecureKeyValueStorage.swift */ = {isa = PBXFileReference; lastKnownFileType = sourcecode.swift; path = SecureKeyValueStorage.swift; sourceTree = "<group>"; };
		B9F4BA9F22B8244E00AD3583 /* CreateAccountViewModel.swift */ = {isa = PBXFileReference; lastKnownFileType = sourcecode.swift; path = CreateAccountViewModel.swift; sourceTree = "<group>"; };
		B9F4BAA122B8245B00AD3583 /* LoginViewModel.swift */ = {isa = PBXFileReference; lastKnownFileType = sourcecode.swift; path = LoginViewModel.swift; sourceTree = "<group>"; };
		B9F4BAA322B836FF00AD3583 /* MVVMHomeViewController.swift */ = {isa = PBXFileReference; lastKnownFileType = sourcecode.swift; path = MVVMHomeViewController.swift; sourceTree = "<group>"; };
		B9F4BAA522B8371000AD3583 /* MVVMCreateAccountViewController.swift */ = {isa = PBXFileReference; lastKnownFileType = sourcecode.swift; path = MVVMCreateAccountViewController.swift; sourceTree = "<group>"; };
		B9F4BAA722B8372300AD3583 /* MVVMLoginViewController.swift */ = {isa = PBXFileReference; lastKnownFileType = sourcecode.swift; path = MVVMLoginViewController.swift; sourceTree = "<group>"; };
		B9F4BAA922B8373B00AD3583 /* MVVMStoryboard.storyboard */ = {isa = PBXFileReference; lastKnownFileType = file.storyboard; path = MVVMStoryboard.storyboard; sourceTree = "<group>"; };
		B9F72F5922834FED000BA70B /* R.generated.swift */ = {isa = PBXFileReference; fileEncoding = 4; lastKnownFileType = sourcecode.swift; path = R.generated.swift; sourceTree = "<group>"; };
		CB1074D3C2638B4A790115BC /* Pods_capios.framework */ = {isa = PBXFileReference; explicitFileType = wrapper.framework; includeInIndex = 0; path = Pods_capios.framework; sourceTree = BUILT_PRODUCTS_DIR; };
/* End PBXFileReference section */

/* Begin PBXFrameworksBuildPhase section */
		B9448FA62283463B00E342DE /* Frameworks */ = {
			isa = PBXFrameworksBuildPhase;
			buildActionMask = 2147483647;
			files = (
				5A62D3378A61325C9686BBE3 /* Pods_capios.framework in Frameworks */,
			);
			runOnlyForDeploymentPostprocessing = 0;
		};
/* End PBXFrameworksBuildPhase section */

/* Begin PBXGroup section */
		234AFB276431CE7B3961F515 /* Pods */ = {
			isa = PBXGroup;
			children = (
				2CA114C402AA4B580CB5FBBE /* Pods-capios.debug.xcconfig */,
				7762F8C5FEA43D9C324168C3 /* Pods-capios.release.xcconfig */,
			);
			name = Pods;
			sourceTree = "<group>";
		};
		25261A8B22ADAB6100CCD0E5 /* View */ = {
			isa = PBXGroup;
			children = (
				25261A8C22ADAB7600CCD0E5 /* Custom */,
				507E1A1022A985B3007E3F2D /* TrainingExercises.storyboard */,
				507E1A1322A989D0007E3F2D /* HomeViewController.swift */,
				50EA454022AA77F6004EE63D /* CreateAccountViewController.swift */,
				50FF62BF22B299DC00CB2645 /* ContactDetailsViewController.swift */,
				50FF62AF22B28B2600CB2645 /* MenuViewController.swift */,
				50EA454E22AB0112004EE63D /* LoginViewController.swift */,
				50FF62B122B28BBC00CB2645 /* ContactListViewController.swift */,
				B9448FB52283463D00E342DE /* LaunchScreen.storyboard */,
			);
			path = View;
			sourceTree = "<group>";
		};
		25261A8C22ADAB7600CCD0E5 /* Custom */ = {
			isa = PBXGroup;
			children = (
				25261A8D22ADAB7E00CCD0E5 /* Cell */,
			);
			path = Custom;
			sourceTree = "<group>";
		};
		25261A8D22ADAB7E00CCD0E5 /* Cell */ = {
			isa = PBXGroup;
			children = (
				25261A9022ADABB900CCD0E5 /* ContactTableViewCell.swift */,
				25261A9122ADABB900CCD0E5 /* ContactTableViewCell.xib */,
			);
			path = Cell;
			sourceTree = "<group>";
		};
		25261A9922ADADB300CCD0E5 /* API */ = {
			isa = PBXGroup;
			children = (
				25261A9A22ADC0C200CCD0E5 /* Contact.swift */,
				258E2A0422B00E340016C021 /* ContactAPI.swift */,
			);
			path = API;
			sourceTree = "<group>";
		};
		507E1A1222A989B4007E3F2D /* Samples */ = {
			isa = PBXGroup;
			children = (
				B9F4BA8B22B812A700AD3583 /* MVVM */,
				B9F1A51422AEB514007ADCDF /* RxSwift */,
				B9448FB02283463B00E342DE /* Main.storyboard */,
				B9448FAE2283463B00E342DE /* ViewController.swift */,
				50EFF9862292EEA200A650FE /* RxOperatorsExerciseViewController.swift */,
				50959C3F22A15E9E009B4FA0 /* LoginKeychainViewController.swift */,
				500078C922A812D200C525DF /* AccessibilityViewController.swift */,
				504F0C5F22AAD990002BC949 /* PoorAccessibilityViewController.swift */,
			);
			path = Samples;
			sourceTree = "<group>";
		};
		6E3FB0568B619DE544480AA8 /* Frameworks */ = {
			isa = PBXGroup;
			children = (
				CB1074D3C2638B4A790115BC /* Pods_capios.framework */,
			);
			name = Frameworks;
			sourceTree = "<group>";
		};
		B9448FA02283463B00E342DE = {
			isa = PBXGroup;
			children = (
				B9448FAB2283463B00E342DE /* capios */,
				B9448FAA2283463B00E342DE /* Products */,
				234AFB276431CE7B3961F515 /* Pods */,
				6E3FB0568B619DE544480AA8 /* Frameworks */,
			);
			sourceTree = "<group>";
		};
		B9448FAA2283463B00E342DE /* Products */ = {
			isa = PBXGroup;
			children = (
				B9448FA92283463B00E342DE /* capios.app */,
			);
			name = Products;
			sourceTree = "<group>";
		};
		B9448FAB2283463B00E342DE /* capios */ = {
			isa = PBXGroup;
			children = (
				507E1A1222A989B4007E3F2D /* Samples */,
				25261A9922ADADB300CCD0E5 /* API */,
				25261A8B22ADAB6100CCD0E5 /* View */,
				B9448FAC2283463B00E342DE /* AppDelegate.swift */,
				5006EDC222B18811004813E1 /* Montserrat-Bold.otf */,
				5006EDC022B17C9C004813E1 /* Main.strings */,
				B9448FB32283463D00E342DE /* Assets.xcassets */,
				B9448FB82283463D00E342DE /* Info.plist */,
				B9F72F5922834FED000BA70B /* R.generated.swift */,
			);
			path = capios;
			sourceTree = "<group>";
		};
		B9F1A51422AEB514007ADCDF /* RxSwift */ = {
			isa = PBXGroup;
			children = (
				B91ABFD722AEB83A00487E4B /* RxSwiftStoryboard.storyboard */,
				B925BAC122AECCA7007DF84D /* Exemplo1.swift */,
				B925BAC322AEE130007DF84D /* Exemplo2.swift */,
				258E2A0B22B03FFC0016C021 /* Exemplo3.swift */,
			);
			path = RxSwift;
			sourceTree = "<group>";
		};
		B9F4BA8B22B812A700AD3583 /* MVVM */ = {
			isa = PBXGroup;
			children = (
				B9F4BA9222B8148A00AD3583 /* Models */,
				B9F4BA8C22B812CB00AD3583 /* Home */,
				B9F4BA8E22B812DD00AD3583 /* CreateAccount */,
				B9F4BA8D22B812D600AD3583 /* Login */,
				B9F4BAA922B8373B00AD3583 /* MVVMStoryboard.storyboard */,
			);
			path = MVVM;
			sourceTree = "<group>";
		};
		B9F4BA8C22B812CB00AD3583 /* Home */ = {
			isa = PBXGroup;
			children = (
				B9F4BA9022B8139200AD3583 /* ViewModel */,
				B9F4BA9122B8139800AD3583 /* View */,
			);
			path = Home;
			sourceTree = "<group>";
		};
		B9F4BA8D22B812D600AD3583 /* Login */ = {
			isa = PBXGroup;
			children = (
				B9F4BA9622B814B200AD3583 /* ViewModel */,
				B9F4BA9522B814AD00AD3583 /* View */,
			);
			path = Login;
			sourceTree = "<group>";
		};
		B9F4BA8E22B812DD00AD3583 /* CreateAccount */ = {
			isa = PBXGroup;
			children = (
				B9F4BA9322B8149700AD3583 /* ViewModel */,
				B9F4BA9422B814A300AD3583 /* View */,
			);
			path = CreateAccount;
			sourceTree = "<group>";
		};
		B9F4BA9022B8139200AD3583 /* ViewModel */ = {
			isa = PBXGroup;
			children = (
			);
			path = ViewModel;
			sourceTree = "<group>";
		};
		B9F4BA9122B8139800AD3583 /* View */ = {
			isa = PBXGroup;
			children = (
				B9F4BAA322B836FF00AD3583 /* MVVMHomeViewController.swift */,
			);
			path = View;
			sourceTree = "<group>";
		};
		B9F4BA9222B8148A00AD3583 /* Models */ = {
			isa = PBXGroup;
			children = (
				B9F4BA9922B8158D00AD3583 /* UserAccountProtocol.swift */,
				B9F4BA9722B814CD00AD3583 /* UserAccountOnKeychain.swift */,
				B9F4BA9C22B81F6C00AD3583 /* SecureKeyValueStorage.swift */,
			);
			path = Models;
			sourceTree = "<group>";
		};
		B9F4BA9322B8149700AD3583 /* ViewModel */ = {
			isa = PBXGroup;
			children = (
				B9F4BA9F22B8244E00AD3583 /* CreateAccountViewModel.swift */,
			);
			path = ViewModel;
			sourceTree = "<group>";
		};
		B9F4BA9422B814A300AD3583 /* View */ = {
			isa = PBXGroup;
			children = (
				B9F4BAA522B8371000AD3583 /* MVVMCreateAccountViewController.swift */,
			);
			path = View;
			sourceTree = "<group>";
		};
		B9F4BA9522B814AD00AD3583 /* View */ = {
			isa = PBXGroup;
			children = (
				B9F4BAA722B8372300AD3583 /* MVVMLoginViewController.swift */,
			);
			path = View;
			sourceTree = "<group>";
		};
		B9F4BA9622B814B200AD3583 /* ViewModel */ = {
			isa = PBXGroup;
			children = (
				B9F4BAA122B8245B00AD3583 /* LoginViewModel.swift */,
			);
			path = ViewModel;
			sourceTree = "<group>";
		};
/* End PBXGroup section */

/* Begin PBXNativeTarget section */
		B9448FA82283463B00E342DE /* capios */ = {
			isa = PBXNativeTarget;
			buildConfigurationList = B9448FBB2283463D00E342DE /* Build configuration list for PBXNativeTarget "capios" */;
			buildPhases = (
				1EB8E3D62CCD5C9FE3E1E27B /* [CP] Check Pods Manifest.lock */,
				B9F72F5822834E9E000BA70B /* Rswift */,
				B9448FA52283463B00E342DE /* Sources */,
				B9448FA62283463B00E342DE /* Frameworks */,
				B9448FA72283463B00E342DE /* Resources */,
				50018505229562710074B6AD /* SwiftLint */,
				801EA1FFC8564A7C127E3597 /* [CP] Embed Pods Frameworks */,
			);
			buildRules = (
			);
			dependencies = (
			);
			name = capios;
			productName = capios;
			productReference = B9448FA92283463B00E342DE /* capios.app */;
			productType = "com.apple.product-type.application";
		};
/* End PBXNativeTarget section */

/* Begin PBXProject section */
		B9448FA12283463B00E342DE /* Project object */ = {
			isa = PBXProject;
			attributes = {
				LastSwiftUpdateCheck = 1020;
				LastUpgradeCheck = 1010;
				ORGANIZATIONNAME = Adriano;
				TargetAttributes = {
					B9448FA82283463B00E342DE = {
						CreatedOnToolsVersion = 10.1;
					};
				};
			};
			buildConfigurationList = B9448FA42283463B00E342DE /* Build configuration list for PBXProject "capios" */;
			compatibilityVersion = "Xcode 9.3";
			developmentRegion = en;
			hasScannedForEncodings = 0;
			knownRegions = (
				en,
				Base,
			);
			mainGroup = B9448FA02283463B00E342DE;
			productRefGroup = B9448FAA2283463B00E342DE /* Products */;
			projectDirPath = "";
			projectRoot = "";
			targets = (
				B9448FA82283463B00E342DE /* capios */,
			);
		};
/* End PBXProject section */

/* Begin PBXResourcesBuildPhase section */
		B9448FA72283463B00E342DE /* Resources */ = {
			isa = PBXResourcesBuildPhase;
			buildActionMask = 2147483647;
			files = (
				B9F4BAAA22B8373B00AD3583 /* MVVMStoryboard.storyboard in Resources */,
				B9448FB72283463D00E342DE /* LaunchScreen.storyboard in Resources */,
				B9448FB42283463D00E342DE /* Assets.xcassets in Resources */,
				507E1A1122A985B3007E3F2D /* TrainingExercises.storyboard in Resources */,
				B91ABFD822AEB83A00487E4B /* RxSwiftStoryboard.storyboard in Resources */,
				5006EDC122B17C9C004813E1 /* Main.strings in Resources */,
				25261A9322ADABB900CCD0E5 /* ContactTableViewCell.xib in Resources */,
				B9448FB22283463B00E342DE /* Main.storyboard in Resources */,
				5006EDC322B18820004813E1 /* Montserrat-Bold.otf in Resources */,
			);
			runOnlyForDeploymentPostprocessing = 0;
		};
/* End PBXResourcesBuildPhase section */

/* Begin PBXShellScriptBuildPhase section */
		1EB8E3D62CCD5C9FE3E1E27B /* [CP] Check Pods Manifest.lock */ = {
			isa = PBXShellScriptBuildPhase;
			buildActionMask = 2147483647;
			files = (
			);
			inputFileListPaths = (
			);
			inputPaths = (
				"${PODS_PODFILE_DIR_PATH}/Podfile.lock",
				"${PODS_ROOT}/Manifest.lock",
			);
			name = "[CP] Check Pods Manifest.lock";
			outputFileListPaths = (
			);
			outputPaths = (
				"$(DERIVED_FILE_DIR)/Pods-capios-checkManifestLockResult.txt",
			);
			runOnlyForDeploymentPostprocessing = 0;
			shellPath = /bin/sh;
			shellScript = "diff \"${PODS_PODFILE_DIR_PATH}/Podfile.lock\" \"${PODS_ROOT}/Manifest.lock\" > /dev/null\nif [ $? != 0 ] ; then\n    # print error to STDERR\n    echo \"error: The sandbox is not in sync with the Podfile.lock. Run 'pod install' or update your CocoaPods installation.\" >&2\n    exit 1\nfi\n# This output is used by Xcode 'outputs' to avoid re-running this script phase.\necho \"SUCCESS\" > \"${SCRIPT_OUTPUT_FILE_0}\"\n";
			showEnvVarsInLog = 0;
		};
		50018505229562710074B6AD /* SwiftLint */ = {
			isa = PBXShellScriptBuildPhase;
			buildActionMask = 2147483647;
			files = (
			);
			inputFileListPaths = (
			);
			inputPaths = (
			);
			name = SwiftLint;
			outputFileListPaths = (
			);
			outputPaths = (
			);
			runOnlyForDeploymentPostprocessing = 0;
			shellPath = /bin/sh;
			shellScript = "#\"${PODS_ROOT}/SwiftLint/swiftlint\"\n\n#Ativar a parte abaixo caso deseje que o swiftlint funcione apenas em classes que tiveram alteração no Git.\n#Não esquecer de comentar a primeira linha caso vá utilizar a configuração abaixo.\n#A compilação fica um pouco mais lenta com esse processo.\n# Run SwiftLint\n#START_DATE=$(date +\"%s\")\n\n#SWIFT_LINT=/usr/local/bin/swiftlint\n\n# Run SwiftLint for given filename\n#run_swiftlint() {\n#local filename=\"${1}\"\n#if [[ \"${filename##*.}\" == \"swift\" ]]; then\n#${SWIFT_LINT} autocorrect --path \"${filename}\"\n#${SWIFT_LINT} lint --path \"${filename}\"\n#fi\n#}\n\n#if [[ -e \"${SWIFT_LINT}\" ]]; then\n#echo \"SwiftLint version: $(${SWIFT_LINT} version)\"\n# Run for both staged and unstaged files\n#git diff --name-only | while read filename; do run_swiftlint \"${filename}\"; done\n#git diff --cached --name-only | while read filename; do run_swiftlint \"${filename}\"; done\n#else\n#echo \"${SWIFT_LINT} is not installed.\"\n#exit 0\n#fi\n\n#END_DATE=$(date +\"%s\")\n\n#DIFF=$(($END_DATE - $START_DATE))\n#echo \"SwiftLint took $(($DIFF / 60)) minutes and $(($DIFF % 60)) seconds to complete.\"\n";
		};
		801EA1FFC8564A7C127E3597 /* [CP] Embed Pods Frameworks */ = {
			isa = PBXShellScriptBuildPhase;
			buildActionMask = 2147483647;
			files = (
			);
			inputFileListPaths = (
				"${PODS_ROOT}/Target Support Files/Pods-capios/Pods-capios-frameworks-${CONFIGURATION}-input-files.xcfilelist",
			);
			name = "[CP] Embed Pods Frameworks";
			outputFileListPaths = (
				"${PODS_ROOT}/Target Support Files/Pods-capios/Pods-capios-frameworks-${CONFIGURATION}-output-files.xcfilelist",
			);
			runOnlyForDeploymentPostprocessing = 0;
			shellPath = /bin/sh;
			shellScript = "\"${PODS_ROOT}/Target Support Files/Pods-capios/Pods-capios-frameworks.sh\"\n";
			showEnvVarsInLog = 0;
		};
		B9F72F5822834E9E000BA70B /* Rswift */ = {
			isa = PBXShellScriptBuildPhase;
			buildActionMask = 2147483647;
			files = (
			);
			inputFileListPaths = (
			);
			inputPaths = (
				"$TEMP_DIR/rswift-lastrun",
			);
			name = Rswift;
			outputFileListPaths = (
			);
			outputPaths = (
				$SRCROOT/capios/R.generated.swift,
			);
			runOnlyForDeploymentPostprocessing = 0;
			shellPath = /bin/sh;
			shellScript = "\"$PODS_ROOT/R.swift/rswift\" generate \"$SRCROOT/capios/R.generated.swift\"\n";
		};
/* End PBXShellScriptBuildPhase section */

/* Begin PBXSourcesBuildPhase section */
		B9448FA52283463B00E342DE /* Sources */ = {
			isa = PBXSourcesBuildPhase;
			buildActionMask = 2147483647;
			files = (
				B925BAC222AECCA7007DF84D /* Exemplo1.swift in Sources */,
				50FF62C022B299DC00CB2645 /* ContactDetailsViewController.swift in Sources */,
				B925BAC422AEE130007DF84D /* Exemplo2.swift in Sources */,
				258E2A0C22B03FFC0016C021 /* Exemplo3.swift in Sources */,
				500078CA22A812D200C525DF /* AccessibilityViewController.swift in Sources */,
				50EFF9872292EEA200A650FE /* RxOperatorsExerciseViewController.swift in Sources */,
				50959C4022A15E9E009B4FA0 /* LoginKeychainViewController.swift in Sources */,
				B9448FAF2283463B00E342DE /* ViewController.swift in Sources */,
				50EA454122AA77F6004EE63D /* CreateAccountViewController.swift in Sources */,
				B9F4BA9822B814CD00AD3583 /* UserAccountOnKeychain.swift in Sources */,
				B9448FAD2283463B00E342DE /* AppDelegate.swift in Sources */,
				B9F4BAA622B8371000AD3583 /* MVVMCreateAccountViewController.swift in Sources */,
				25261A9B22ADC0C200CCD0E5 /* Contact.swift in Sources */,
				25261A9222ADABB900CCD0E5 /* ContactTableViewCell.swift in Sources */,
				50FF62B222B28BBC00CB2645 /* ContactListViewController.swift in Sources */,
				50FF62B022B28B2600CB2645 /* MenuViewController.swift in Sources */,
				507E1A1422A989D0007E3F2D /* HomeViewController.swift in Sources */,
				B9F4BAA822B8372300AD3583 /* MVVMLoginViewController.swift in Sources */,
				B9F4BAA422B836FF00AD3583 /* MVVMHomeViewController.swift in Sources */,
				258E2A0522B00E340016C021 /* ContactAPI.swift in Sources */,
				B9F4BA9D22B81F6C00AD3583 /* SecureKeyValueStorage.swift in Sources */,
				B9F4BA9A22B8158D00AD3583 /* UserAccountProtocol.swift in Sources */,
				B9F4BAA022B8244E00AD3583 /* CreateAccountViewModel.swift in Sources */,
				B9F72F5A22834FED000BA70B /* R.generated.swift in Sources */,
				50EA454F22AB0112004EE63D /* LoginViewController.swift in Sources */,
				504F0C6022AAD990002BC949 /* PoorAccessibilityViewController.swift in Sources */,
				B9F4BAA222B8245B00AD3583 /* LoginViewModel.swift in Sources */,
			);
			runOnlyForDeploymentPostprocessing = 0;
		};
/* End PBXSourcesBuildPhase section */

/* Begin PBXVariantGroup section */
		B9448FB02283463B00E342DE /* Main.storyboard */ = {
			isa = PBXVariantGroup;
			children = (
				B9448FB12283463B00E342DE /* Base */,
			);
			name = Main.storyboard;
			sourceTree = "<group>";
		};
		B9448FB52283463D00E342DE /* LaunchScreen.storyboard */ = {
			isa = PBXVariantGroup;
			children = (
				B9448FB62283463D00E342DE /* Base */,
			);
			name = LaunchScreen.storyboard;
			sourceTree = "<group>";
		};
/* End PBXVariantGroup section */

/* Begin XCBuildConfiguration section */
		B9448FB92283463D00E342DE /* Debug */ = {
			isa = XCBuildConfiguration;
			buildSettings = {
				ALWAYS_SEARCH_USER_PATHS = NO;
				CLANG_ANALYZER_NONNULL = YES;
				CLANG_ANALYZER_NUMBER_OBJECT_CONVERSION = YES_AGGRESSIVE;
				CLANG_CXX_LANGUAGE_STANDARD = "gnu++14";
				CLANG_CXX_LIBRARY = "libc++";
				CLANG_ENABLE_MODULES = YES;
				CLANG_ENABLE_OBJC_ARC = YES;
				CLANG_ENABLE_OBJC_WEAK = YES;
				CLANG_WARN_BLOCK_CAPTURE_AUTORELEASING = YES;
				CLANG_WARN_BOOL_CONVERSION = YES;
				CLANG_WARN_COMMA = YES;
				CLANG_WARN_CONSTANT_CONVERSION = YES;
				CLANG_WARN_DEPRECATED_OBJC_IMPLEMENTATIONS = YES;
				CLANG_WARN_DIRECT_OBJC_ISA_USAGE = YES_ERROR;
				CLANG_WARN_DOCUMENTATION_COMMENTS = YES;
				CLANG_WARN_EMPTY_BODY = YES;
				CLANG_WARN_ENUM_CONVERSION = YES;
				CLANG_WARN_INFINITE_RECURSION = YES;
				CLANG_WARN_INT_CONVERSION = YES;
				CLANG_WARN_NON_LITERAL_NULL_CONVERSION = YES;
				CLANG_WARN_OBJC_IMPLICIT_RETAIN_SELF = YES;
				CLANG_WARN_OBJC_LITERAL_CONVERSION = YES;
				CLANG_WARN_OBJC_ROOT_CLASS = YES_ERROR;
				CLANG_WARN_RANGE_LOOP_ANALYSIS = YES;
				CLANG_WARN_STRICT_PROTOTYPES = YES;
				CLANG_WARN_SUSPICIOUS_MOVE = YES;
				CLANG_WARN_UNGUARDED_AVAILABILITY = YES_AGGRESSIVE;
				CLANG_WARN_UNREACHABLE_CODE = YES;
				CLANG_WARN__DUPLICATE_METHOD_MATCH = YES;
				CODE_SIGN_IDENTITY = "iPhone Developer";
				COPY_PHASE_STRIP = NO;
				DEBUG_INFORMATION_FORMAT = dwarf;
				ENABLE_STRICT_OBJC_MSGSEND = YES;
				ENABLE_TESTABILITY = YES;
				GCC_C_LANGUAGE_STANDARD = gnu11;
				GCC_DYNAMIC_NO_PIC = NO;
				GCC_NO_COMMON_BLOCKS = YES;
				GCC_OPTIMIZATION_LEVEL = 0;
				GCC_PREPROCESSOR_DEFINITIONS = (
					"DEBUG=1",
					"$(inherited)",
				);
				GCC_WARN_64_TO_32_BIT_CONVERSION = YES;
				GCC_WARN_ABOUT_RETURN_TYPE = YES_ERROR;
				GCC_WARN_UNDECLARED_SELECTOR = YES;
				GCC_WARN_UNINITIALIZED_AUTOS = YES_AGGRESSIVE;
				GCC_WARN_UNUSED_FUNCTION = YES;
				GCC_WARN_UNUSED_VARIABLE = YES;
				IPHONEOS_DEPLOYMENT_TARGET = 12.1;
				MTL_ENABLE_DEBUG_INFO = INCLUDE_SOURCE;
				MTL_FAST_MATH = YES;
				ONLY_ACTIVE_ARCH = YES;
				SDKROOT = iphoneos;
				SWIFT_ACTIVE_COMPILATION_CONDITIONS = DEBUG;
				SWIFT_OPTIMIZATION_LEVEL = "-Onone";
			};
			name = Debug;
		};
		B9448FBA2283463D00E342DE /* Release */ = {
			isa = XCBuildConfiguration;
			buildSettings = {
				ALWAYS_SEARCH_USER_PATHS = NO;
				CLANG_ANALYZER_NONNULL = YES;
				CLANG_ANALYZER_NUMBER_OBJECT_CONVERSION = YES_AGGRESSIVE;
				CLANG_CXX_LANGUAGE_STANDARD = "gnu++14";
				CLANG_CXX_LIBRARY = "libc++";
				CLANG_ENABLE_MODULES = YES;
				CLANG_ENABLE_OBJC_ARC = YES;
				CLANG_ENABLE_OBJC_WEAK = YES;
				CLANG_WARN_BLOCK_CAPTURE_AUTORELEASING = YES;
				CLANG_WARN_BOOL_CONVERSION = YES;
				CLANG_WARN_COMMA = YES;
				CLANG_WARN_CONSTANT_CONVERSION = YES;
				CLANG_WARN_DEPRECATED_OBJC_IMPLEMENTATIONS = YES;
				CLANG_WARN_DIRECT_OBJC_ISA_USAGE = YES_ERROR;
				CLANG_WARN_DOCUMENTATION_COMMENTS = YES;
				CLANG_WARN_EMPTY_BODY = YES;
				CLANG_WARN_ENUM_CONVERSION = YES;
				CLANG_WARN_INFINITE_RECURSION = YES;
				CLANG_WARN_INT_CONVERSION = YES;
				CLANG_WARN_NON_LITERAL_NULL_CONVERSION = YES;
				CLANG_WARN_OBJC_IMPLICIT_RETAIN_SELF = YES;
				CLANG_WARN_OBJC_LITERAL_CONVERSION = YES;
				CLANG_WARN_OBJC_ROOT_CLASS = YES_ERROR;
				CLANG_WARN_RANGE_LOOP_ANALYSIS = YES;
				CLANG_WARN_STRICT_PROTOTYPES = YES;
				CLANG_WARN_SUSPICIOUS_MOVE = YES;
				CLANG_WARN_UNGUARDED_AVAILABILITY = YES_AGGRESSIVE;
				CLANG_WARN_UNREACHABLE_CODE = YES;
				CLANG_WARN__DUPLICATE_METHOD_MATCH = YES;
				CODE_SIGN_IDENTITY = "iPhone Developer";
				COPY_PHASE_STRIP = NO;
				DEBUG_INFORMATION_FORMAT = "dwarf-with-dsym";
				ENABLE_NS_ASSERTIONS = NO;
				ENABLE_STRICT_OBJC_MSGSEND = YES;
				GCC_C_LANGUAGE_STANDARD = gnu11;
				GCC_NO_COMMON_BLOCKS = YES;
				GCC_WARN_64_TO_32_BIT_CONVERSION = YES;
				GCC_WARN_ABOUT_RETURN_TYPE = YES_ERROR;
				GCC_WARN_UNDECLARED_SELECTOR = YES;
				GCC_WARN_UNINITIALIZED_AUTOS = YES_AGGRESSIVE;
				GCC_WARN_UNUSED_FUNCTION = YES;
				GCC_WARN_UNUSED_VARIABLE = YES;
				IPHONEOS_DEPLOYMENT_TARGET = 12.1;
				MTL_ENABLE_DEBUG_INFO = NO;
				MTL_FAST_MATH = YES;
				SDKROOT = iphoneos;
				SWIFT_COMPILATION_MODE = wholemodule;
				SWIFT_OPTIMIZATION_LEVEL = "-O";
				VALIDATE_PRODUCT = YES;
			};
			name = Release;
		};
		B9448FBC2283463D00E342DE /* Debug */ = {
			isa = XCBuildConfiguration;
			baseConfigurationReference = 2CA114C402AA4B580CB5FBBE /* Pods-capios.debug.xcconfig */;
			buildSettings = {
				ASSETCATALOG_COMPILER_APPICON_NAME = AppIcon;
				CODE_SIGN_STYLE = Automatic;
				DEVELOPMENT_TEAM = 5EUJQUFBHT;
				INFOPLIST_FILE = capios/Info.plist;
				IPHONEOS_DEPLOYMENT_TARGET = 12.1;
				LD_RUNPATH_SEARCH_PATHS = (
					"$(inherited)",
					"@executable_path/Frameworks",
				);
				PRODUCT_BUNDLE_IDENTIFIER = br.com.francisco.capios;
				PRODUCT_NAME = "$(TARGET_NAME)";
				SWIFT_VERSION = 4.0;
				TARGETED_DEVICE_FAMILY = "1,2";
			};
			name = Debug;
		};
		B9448FBD2283463D00E342DE /* Release */ = {
			isa = XCBuildConfiguration;
			baseConfigurationReference = 7762F8C5FEA43D9C324168C3 /* Pods-capios.release.xcconfig */;
			buildSettings = {
				ASSETCATALOG_COMPILER_APPICON_NAME = AppIcon;
				CODE_SIGN_STYLE = Automatic;
				DEVELOPMENT_TEAM = 5EUJQUFBHT;
				INFOPLIST_FILE = capios/Info.plist;
				IPHONEOS_DEPLOYMENT_TARGET = 12.1;
				LD_RUNPATH_SEARCH_PATHS = (
					"$(inherited)",
					"@executable_path/Frameworks",
				);
				PRODUCT_BUNDLE_IDENTIFIER = br.com.francisco.capios;
				PRODUCT_NAME = "$(TARGET_NAME)";
				SWIFT_VERSION = 4.0;
				TARGETED_DEVICE_FAMILY = "1,2";
			};
			name = Release;
		};
/* End XCBuildConfiguration section */

/* Begin XCConfigurationList section */
		B9448FA42283463B00E342DE /* Build configuration list for PBXProject "capios" */ = {
			isa = XCConfigurationList;
			buildConfigurations = (
				B9448FB92283463D00E342DE /* Debug */,
				B9448FBA2283463D00E342DE /* Release */,
			);
			defaultConfigurationIsVisible = 0;
			defaultConfigurationName = Release;
		};
		B9448FBB2283463D00E342DE /* Build configuration list for PBXNativeTarget "capios" */ = {
			isa = XCConfigurationList;
			buildConfigurations = (
				B9448FBC2283463D00E342DE /* Debug */,
				B9448FBD2283463D00E342DE /* Release */,
			);
			defaultConfigurationIsVisible = 0;
			defaultConfigurationName = Release;
		};
/* End XCConfigurationList section */
	};
	rootObject = B9448FA12283463B00E342DE /* Project object */;
}
